dependencies:
- name: nginx-ingress
  repository: https://kubernetes-charts.storage.googleapis.com
  version: 1.28.2
- name: cert-manager
  repository: https://charts.jetstack.io
  version: v0.12.0
- name: prometheus-operator
  repository: https://kubernetes-charts.storage.googleapis.com
  version: 6.14.2
digest: sha256:324e78c4f9b19c39264b44458b2132f950f4b7d180b5e49d27d60fcd6e6896a9
generated: "2020-01-09T20:58:06.828871018+08:00"
