dependencies:
- name: nginx-ingress
  repository: https://kubernetes-charts.storage.googleapis.com
  version: 1.24.0
- name: cert-manager
  repository: https://charts.jetstack.io
  version: v0.10.1
- name: prometheus-operator
  repository: https://kubernetes-charts.storage.googleapis.com
  version: 6.14.2
digest: sha256:4279bf80f85ef937c67d390160199626f693ffaeafd23387b8d109edb8c89a59
generated: "2019-10-12T17:56:47.540598713+08:00"
