dependencies:
- name: nginx-ingress
  repository: https://kubernetes-charts.storage.googleapis.com
  version: 1.24.0
- name: cert-manager
  repository: https://charts.jetstack.io
  version: v0.10.1
- name: prometheus-operator
  repository: https://kubernetes-charts.storage.googleapis.com
  version: 6.14.2
digest: sha256:863cdfd9d5d442cbc3951a02d3ea54898056370136293d19d2fc50906f6990e2
generated: "2020-01-09T15:54:51.927911443+08:00"
